version = 1
requires-python = ">=3.11"

[[package]]
name = "dataclasses"
version = "0.8"
source = { registry = "https://pypi.org/simple" }
sdist = { url = "https://files.pythonhosted.org/packages/1f/12/7919c5d8b9c497f9180db15ea8ead6499812ea8264a6ae18766d93c59fe5/dataclasses-0.8.tar.gz", hash = "sha256:8479067f342acf957dc82ec415d355ab5edb7e7646b90dc6e2fd1d96ad084c97", size = 36581 }
wheels = [
    { url = "https://files.pythonhosted.org/packages/fe/ca/75fac5856ab5cfa51bbbcefa250182e50441074fdc3f803f6e76451fab43/dataclasses-0.8-py3-none-any.whl", hash = "sha256:0201d89fa866f68c8ebd9d08ee6ff50c0b255f8ec63a71c16fda7af82bb887bf", size = 19041 },
]

[[package]]
name = "ndl-pyqt"
version = "0.1.0"
source = { virtual = "." }
dependencies = [
    { name = "dataclasses" },
    { name = "pycryptodome" },
    { name = "pyside6" },
    { name = "websockets" },
]

[package.metadata]
requires-dist = [
    { name = "dataclasses", specifier = ">=0.8" },
    { name = "pycryptodome", specifier = ">=3.21.0" },
    { name = "pyside6", specifier = ">=6.7.3" },
    { name = "websockets", specifier = ">=13.1" },
]

[[package]]
name = "pycryptodome"
version = "3.21.0"
source = { registry = "https://pypi.org/simple" }
sdist = { url = "https://files.pythonhosted.org/packages/13/52/13b9db4a913eee948152a079fe58d035bd3d1a519584155da8e786f767e6/pycryptodome-3.21.0.tar.gz", hash = "sha256:f7787e0d469bdae763b876174cf2e6c0f7be79808af26b1da96f1a64bcf47297", size = 4818071 }
wheels = [
    { url = "https://files.pythonhosted.org/packages/a7/88/5e83de10450027c96c79dc65ac45e9d0d7a7fef334f39d3789a191f33602/pycryptodome-3.21.0-cp36-abi3-macosx_10_9_universal2.whl", hash = "sha256:2480ec2c72438430da9f601ebc12c518c093c13111a5c1644c82cdfc2e50b1e4", size = 2495937 },
    { url = "https://files.pythonhosted.org/packages/66/e1/8f28cd8cf7f7563319819d1e172879ccce2333781ae38da61c28fe22d6ff/pycryptodome-3.21.0-cp36-abi3-macosx_10_9_x86_64.whl", hash = "sha256:de18954104667f565e2fbb4783b56667f30fb49c4d79b346f52a29cb198d5b6b", size = 1634629 },
    { url = "https://files.pythonhosted.org/packages/6a/c1/f75a1aaff0c20c11df8dc8e2bf8057e7f73296af7dfd8cbb40077d1c930d/pycryptodome-3.21.0-cp36-abi3-manylinux_2_17_aarch64.manylinux2014_aarch64.whl", hash = "sha256:2de4b7263a33947ff440412339cb72b28a5a4c769b5c1ca19e33dd6cd1dcec6e", size = 2168708 },
    { url = "https://files.pythonhosted.org/packages/ea/66/6f2b7ddb457b19f73b82053ecc83ba768680609d56dd457dbc7e902c41aa/pycryptodome-3.21.0-cp36-abi3-manylinux_2_17_x86_64.manylinux2014_x86_64.whl", hash = "sha256:0714206d467fc911042d01ea3a1847c847bc10884cf674c82e12915cfe1649f8", size = 2254555 },
    { url = "https://files.pythonhosted.org/packages/2c/2b/152c330732a887a86cbf591ed69bd1b489439b5464806adb270f169ec139/pycryptodome-3.21.0-cp36-abi3-manylinux_2_5_i686.manylinux1_i686.manylinux_2_17_i686.manylinux2014_i686.whl", hash = "sha256:7d85c1b613121ed3dbaa5a97369b3b757909531a959d229406a75b912dd51dd1", size = 2294143 },
    { url = "https://files.pythonhosted.org/packages/55/92/517c5c498c2980c1b6d6b9965dffbe31f3cd7f20f40d00ec4069559c5902/pycryptodome-3.21.0-cp36-abi3-musllinux_1_1_aarch64.whl", hash = "sha256:8898a66425a57bcf15e25fc19c12490b87bd939800f39a03ea2de2aea5e3611a", size = 2160509 },
    { url = "https://files.pythonhosted.org/packages/39/1f/c74288f54d80a20a78da87df1818c6464ac1041d10988bb7d982c4153fbc/pycryptodome-3.21.0-cp36-abi3-musllinux_1_2_i686.whl", hash = "sha256:932c905b71a56474bff8a9c014030bc3c882cee696b448af920399f730a650c2", size = 2329480 },
    { url = "https://files.pythonhosted.org/packages/39/1b/d0b013bf7d1af7cf0a6a4fce13f5fe5813ab225313755367b36e714a63f8/pycryptodome-3.21.0-cp36-abi3-musllinux_1_2_x86_64.whl", hash = "sha256:18caa8cfbc676eaaf28613637a89980ad2fd96e00c564135bf90bc3f0b34dd93", size = 2254397 },
    { url = "https://files.pythonhosted.org/packages/14/71/4cbd3870d3e926c34706f705d6793159ac49d9a213e3ababcdade5864663/pycryptodome-3.21.0-cp36-abi3-win32.whl", hash = "sha256:280b67d20e33bb63171d55b1067f61fbd932e0b1ad976b3a184303a3dad22764", size = 1775641 },
    { url = "https://files.pythonhosted.org/packages/43/1d/81d59d228381576b92ecede5cd7239762c14001a828bdba30d64896e9778/pycryptodome-3.21.0-cp36-abi3-win_amd64.whl", hash = "sha256:b7aa25fc0baa5b1d95b7633af4f5f1838467f1815442b22487426f94e0d66c53", size = 1812863 },
    { url = "https://files.pythonhosted.org/packages/25/b3/09ff7072e6d96c9939c24cf51d3c389d7c345bf675420355c22402f71b68/pycryptodome-3.21.0-pp27-pypy_73-manylinux2010_x86_64.whl", hash = "sha256:2cb635b67011bc147c257e61ce864879ffe6d03342dc74b6045059dfbdedafca", size = 1691593 },
    { url = "https://files.pythonhosted.org/packages/a8/91/38e43628148f68ba9b68dedbc323cf409e537fd11264031961fd7c744034/pycryptodome-3.21.0-pp27-pypy_73-win32.whl", hash = "sha256:4c26a2f0dc15f81ea3afa3b0c87b87e501f235d332b7f27e2225ecb80c0b1cdd", size = 1765997 },
]

[[package]]
name = "pyside6"
version = "6.7.3"
source = { registry = "https://pypi.org/simple" }
dependencies = [
    { name = "pyside6-addons" },
    { name = "pyside6-essentials" },
    { name = "shiboken6" },
]
wheels = [
    { url = "https://files.pythonhosted.org/packages/d4/34/86b0fd9b5ce8eee35bd1311a620e8cdfd56d0ca36edca314a6189336682d/PySide6-6.7.3-cp39-abi3-macosx_11_0_universal2.whl", hash = "sha256:1c21c4cf6cdd29bd13bbd7a2514756a19188eab992b92af03e64bf06a9b33d5b", size = 532108 },
    { url = "https://files.pythonhosted.org/packages/36/8a/af0c2c91bcd8a0003e4233a0c74dd6b0e5af5534e96185d48a2c03a8f359/PySide6-6.7.3-cp39-abi3-manylinux_2_28_x86_64.whl", hash = "sha256:a21480cc746358f70768975fcc452322f03b3c3622625bfb1743b40ce4e24beb", size = 532727 },
    { url = "https://files.pythonhosted.org/packages/8a/56/a5347e273de35bd63fd3204bd9d80a134db959ff6f2bbeb299867dbe83db/PySide6-6.7.3-cp39-abi3-manylinux_2_31_aarch64.whl", hash = "sha256:c2a1313296c0088d1c3d231d0a8ccf0eda52b84139d0c4065fded76e4a4378f4", size = 532630 },
    { url = "https://files.pythonhosted.org/packages/69/f0/18c6b7f5087eec0d673eb8703c3e9eb76d62cfc427b015d4fc833287c1c4/PySide6-6.7.3-cp39-abi3-win_amd64.whl", hash = "sha256:3ac8dcb4ca82d276e319f89dd99098b01061f255a2b9104216504aece5e0faf8", size = 539981 },
]

[[package]]
name = "pyside6-addons"
version = "6.7.3"
source = { registry = "https://pypi.org/simple" }
dependencies = [
    { name = "pyside6-essentials" },
    { name = "shiboken6" },
]
wheels = [
    { url = "https://files.pythonhosted.org/packages/03/35/e4b69e36d3ffdb6818e546188a99ab2c2fe9834f7d06d57a47d9bfce8fd3/PySide6_Addons-6.7.3-cp39-abi3-macosx_11_0_universal2.whl", hash = "sha256:3174cb3a373c09c98740b452e8e8f4945d64cfa18ed8d43964111d570f0dc647", size = 292945102 },
    { url = "https://files.pythonhosted.org/packages/bb/57/1b16719360c23ddf4aafffbb281fc5cd8949db42c868d0df1ac466814508/PySide6_Addons-6.7.3-cp39-abi3-manylinux_2_28_x86_64.whl", hash = "sha256:bde1eb03dbffd089b50cd445847aaecaf4056cea84c49ea592d00f84f247251e", size = 138279265 },
    { url = "https://files.pythonhosted.org/packages/77/4d/547d8d5d7471a725b7221925266f5e8075bfd495f4d39156efdad4f59fa4/PySide6_Addons-6.7.3-cp39-abi3-manylinux_2_31_aarch64.whl", hash = "sha256:5a9e0df31345fe6caea677d916ea48b53ba86f95cc6499c57f89e392447ad6db", size = 123148721 },
    { url = "https://files.pythonhosted.org/packages/3e/ca/1b34d0785298f86bed27582103760f67f7f78d9e2006405e256e9c770993/PySide6_Addons-6.7.3-cp39-abi3-win_amd64.whl", hash = "sha256:d8a19c2b2446407724c81c33ebf3217eaabd092f0f72da8130c17079e04a7813", size = 123578170 },
]

[[package]]
name = "pyside6-essentials"
version = "6.7.3"
source = { registry = "https://pypi.org/simple" }
dependencies = [
    { name = "shiboken6" },
]
wheels = [
    { url = "https://files.pythonhosted.org/packages/bf/d8/053a3a95454ebc5313b3a4a9167b2f959fc6eaee3536b6e4269b75ce9716/PySide6_Essentials-6.7.3-cp39-abi3-macosx_11_0_universal2.whl", hash = "sha256:f9e08a4e9e7dc7b5ab72fde20abce8c97df7af1b802d9743f098f577dfe1f649", size = 158595022 },
    { url = "https://files.pythonhosted.org/packages/8d/d8/a08ca6eca6839be5d604e4035ce899f9d6df0f612191f4ed4d03e51f1e0e/PySide6_Essentials-6.7.3-cp39-abi3-manylinux_2_28_x86_64.whl", hash = "sha256:cda6fd26aead48f32e57f044d18aa75dc39265b49d7957f515ce7ac3989e7029", size = 90396416 },
    { url = "https://files.pythonhosted.org/packages/5c/4d/00a5716e56c35c5621368c89abb360f6e953e2be639cd5f11e8075894e41/PySide6_Essentials-6.7.3-cp39-abi3-manylinux_2_31_aarch64.whl", hash = "sha256:acdde06b74f26e7d26b4ae1461081b32a6cb17fcaa2a580050b5e0f0f12236c9", size = 87264397 },
    { url = "https://files.pythonhosted.org/packages/0b/18/8679adff0b7a6ccacc2e0febd15c1b78d02abc0180b56007c24e94c9d582/PySide6_Essentials-6.7.3-cp39-abi3-win_amd64.whl", hash = "sha256:f0950fcdcbcd4f2443336dc6a5fe692172adc225f876839583503ded0ab2f2a7", size = 68887979 },
]

[[package]]
name = "shiboken6"
version = "6.7.3"
source = { registry = "https://pypi.org/simple" }
wheels = [
    { url = "https://files.pythonhosted.org/packages/ef/7f/85d2234371fd260393760656e1f5977c0b6e270a0a6aca6bf7231a3e60de/shiboken6-6.7.3-cp39-abi3-macosx_11_0_universal2.whl", hash = "sha256:285fe3cf79be3135fe1ad1e2b9ff6db3a48698887425af6aa6ed7a05a9abc3d6", size = 388568 },
    { url = "https://files.pythonhosted.org/packages/b2/e9/5c0c67de510da7818703d01123f7998cc495e99c0e6979a6ed6eb2ee09d0/shiboken6-6.7.3-cp39-abi3-manylinux_2_28_x86_64.whl", hash = "sha256:f0852e5781de78be5b13c140ec4c7fb9734e2aaf2986eb2d6a224363e03efccc", size = 189890 },
    { url = "https://files.pythonhosted.org/packages/ef/3c/bb524437df11ae79845b230d682b162935c7226b1fb7be2544dceca01e0f/shiboken6-6.7.3-cp39-abi3-manylinux_2_31_aarch64.whl", hash = "sha256:f0dd635178e64a45be2f84c9f33dd79ac30328da87f834f21a0baf69ae210e6e", size = 178147 },
    { url = "https://files.pythonhosted.org/packages/3e/cc/e2b95aedb5e5f900c20325ef347e51c7750d18369d157f9b7da99943dae1/shiboken6-6.7.3-cp39-abi3-win_amd64.whl", hash = "sha256:5f29325dfa86fde0274240f1f38e421303749d3174ce3ada178715b5f4719db9", size = 1136685 },
]

[[package]]
name = "websockets"
version = "13.1"
source = { registry = "https://pypi.org/simple" }
sdist = { url = "https://files.pythonhosted.org/packages/e2/73/9223dbc7be3dcaf2a7bbf756c351ec8da04b1fa573edaf545b95f6b0c7fd/websockets-13.1.tar.gz", hash = "sha256:a3b3366087c1bc0a2795111edcadddb8b3b59509d5db5d7ea3fdd69f954a8878", size = 158549 }
wheels = [
    { url = "https://files.pythonhosted.org/packages/b2/f0/cf0b8a30d86b49e267ac84addbebbc7a48a6e7bb7c19db80f62411452311/websockets-13.1-cp311-cp311-macosx_10_9_universal2.whl", hash = "sha256:61fc0dfcda609cda0fc9fe7977694c0c59cf9d749fbb17f4e9483929e3c48a19", size = 157813 },
    { url = "https://files.pythonhosted.org/packages/bf/e7/22285852502e33071a8cf0ac814f8988480ec6db4754e067b8b9d0e92498/websockets-13.1-cp311-cp311-macosx_10_9_x86_64.whl", hash = "sha256:ceec59f59d092c5007e815def4ebb80c2de330e9588e101cf8bd94c143ec78a5", size = 155469 },
    { url = "https://files.pythonhosted.org/packages/68/d4/c8c7c1e5b40ee03c5cc235955b0fb1ec90e7e37685a5f69229ad4708dcde/websockets-13.1-cp311-cp311-macosx_11_0_arm64.whl", hash = "sha256:c1dca61c6db1166c48b95198c0b7d9c990b30c756fc2923cc66f68d17dc558fd", size = 155717 },
    { url = "https://files.pythonhosted.org/packages/c9/e4/c50999b9b848b1332b07c7fd8886179ac395cb766fda62725d1539e7bc6c/websockets-13.1-cp311-cp311-manylinux_2_17_aarch64.manylinux2014_aarch64.whl", hash = "sha256:308e20f22c2c77f3f39caca508e765f8725020b84aa963474e18c59accbf4c02", size = 165379 },
    { url = "https://files.pythonhosted.org/packages/bc/49/4a4ad8c072f18fd79ab127650e47b160571aacfc30b110ee305ba25fffc9/websockets-13.1-cp311-cp311-manylinux_2_5_i686.manylinux1_i686.manylinux_2_17_i686.manylinux2014_i686.whl", hash = "sha256:62d516c325e6540e8a57b94abefc3459d7dab8ce52ac75c96cad5549e187e3a7", size = 164376 },
    { url = "https://files.pythonhosted.org/packages/af/9b/8c06d425a1d5a74fd764dd793edd02be18cf6fc3b1ccd1f29244ba132dc0/websockets-13.1-cp311-cp311-manylinux_2_5_x86_64.manylinux1_x86_64.manylinux_2_17_x86_64.manylinux2014_x86_64.whl", hash = "sha256:87c6e35319b46b99e168eb98472d6c7d8634ee37750d7693656dc766395df096", size = 164753 },
    { url = "https://files.pythonhosted.org/packages/d5/5b/0acb5815095ff800b579ffc38b13ab1b915b317915023748812d24e0c1ac/websockets-13.1-cp311-cp311-musllinux_1_2_aarch64.whl", hash = "sha256:5f9fee94ebafbc3117c30be1844ed01a3b177bb6e39088bc6b2fa1dc15572084", size = 165051 },
    { url = "https://files.pythonhosted.org/packages/30/93/c3891c20114eacb1af09dedfcc620c65c397f4fd80a7009cd12d9457f7f5/websockets-13.1-cp311-cp311-musllinux_1_2_i686.whl", hash = "sha256:7c1e90228c2f5cdde263253fa5db63e6653f1c00e7ec64108065a0b9713fa1b3", size = 164489 },
    { url = "https://files.pythonhosted.org/packages/28/09/af9e19885539759efa2e2cd29b8b3f9eecef7ecefea40d46612f12138b36/websockets-13.1-cp311-cp311-musllinux_1_2_x86_64.whl", hash = "sha256:6548f29b0e401eea2b967b2fdc1c7c7b5ebb3eeb470ed23a54cd45ef078a0db9", size = 164438 },
    { url = "https://files.pythonhosted.org/packages/b6/08/6f38b8e625b3d93de731f1d248cc1493327f16cb45b9645b3e791782cff0/websockets-13.1-cp311-cp311-win32.whl", hash = "sha256:c11d4d16e133f6df8916cc5b7e3e96ee4c44c936717d684a94f48f82edb7c92f", size = 158710 },
    { url = "https://files.pythonhosted.org/packages/fb/39/ec8832ecb9bb04a8d318149005ed8cee0ba4e0205835da99e0aa497a091f/websockets-13.1-cp311-cp311-win_amd64.whl", hash = "sha256:d04f13a1d75cb2b8382bdc16ae6fa58c97337253826dfe136195b7f89f661557", size = 159137 },
    { url = "https://files.pythonhosted.org/packages/df/46/c426282f543b3c0296cf964aa5a7bb17e984f58dde23460c3d39b3148fcf/websockets-13.1-cp312-cp312-macosx_10_9_universal2.whl", hash = "sha256:9d75baf00138f80b48f1eac72ad1535aac0b6461265a0bcad391fc5aba875cfc", size = 157821 },
    { url = "https://files.pythonhosted.org/packages/aa/85/22529867010baac258da7c45848f9415e6cf37fef00a43856627806ffd04/websockets-13.1-cp312-cp312-macosx_10_9_x86_64.whl", hash = "sha256:9b6f347deb3dcfbfde1c20baa21c2ac0751afaa73e64e5b693bb2b848efeaa49", size = 155480 },
    { url = "https://files.pythonhosted.org/packages/29/2c/bdb339bfbde0119a6e84af43ebf6275278698a2241c2719afc0d8b0bdbf2/websockets-13.1-cp312-cp312-macosx_11_0_arm64.whl", hash = "sha256:de58647e3f9c42f13f90ac7e5f58900c80a39019848c5547bc691693098ae1bd", size = 155715 },
    { url = "https://files.pythonhosted.org/packages/9f/d0/8612029ea04c5c22bf7af2fd3d63876c4eaeef9b97e86c11972a43aa0e6c/websockets-13.1-cp312-cp312-manylinux_2_17_aarch64.manylinux2014_aarch64.whl", hash = "sha256:a1b54689e38d1279a51d11e3467dd2f3a50f5f2e879012ce8f2d6943f00e83f0", size = 165647 },
    { url = "https://files.pythonhosted.org/packages/56/04/1681ed516fa19ca9083f26d3f3a302257e0911ba75009533ed60fbb7b8d1/websockets-13.1-cp312-cp312-manylinux_2_5_i686.manylinux1_i686.manylinux_2_17_i686.manylinux2014_i686.whl", hash = "sha256:cf1781ef73c073e6b0f90af841aaf98501f975d306bbf6221683dd594ccc52b6", size = 164592 },
    { url = "https://files.pythonhosted.org/packages/38/6f/a96417a49c0ed132bb6087e8e39a37db851c70974f5c724a4b2a70066996/websockets-13.1-cp312-cp312-manylinux_2_5_x86_64.manylinux1_x86_64.manylinux_2_17_x86_64.manylinux2014_x86_64.whl", hash = "sha256:8d23b88b9388ed85c6faf0e74d8dec4f4d3baf3ecf20a65a47b836d56260d4b9", size = 165012 },
    { url = "https://files.pythonhosted.org/packages/40/8b/fccf294919a1b37d190e86042e1a907b8f66cff2b61e9befdbce03783e25/websockets-13.1-cp312-cp312-musllinux_1_2_aarch64.whl", hash = "sha256:3c78383585f47ccb0fcf186dcb8a43f5438bd7d8f47d69e0b56f71bf431a0a68", size = 165311 },
    { url = "https://files.pythonhosted.org/packages/c1/61/f8615cf7ce5fe538476ab6b4defff52beb7262ff8a73d5ef386322d9761d/websockets-13.1-cp312-cp312-musllinux_1_2_i686.whl", hash = "sha256:d6d300f8ec35c24025ceb9b9019ae9040c1ab2f01cddc2bcc0b518af31c75c14", size = 164692 },
    { url = "https://files.pythonhosted.org/packages/5c/f1/a29dd6046d3a722d26f182b783a7997d25298873a14028c4760347974ea3/websockets-13.1-cp312-cp312-musllinux_1_2_x86_64.whl", hash = "sha256:a9dcaf8b0cc72a392760bb8755922c03e17a5a54e08cca58e8b74f6902b433cf", size = 164686 },
    { url = "https://files.pythonhosted.org/packages/0f/99/ab1cdb282f7e595391226f03f9b498f52109d25a2ba03832e21614967dfa/websockets-13.1-cp312-cp312-win32.whl", hash = "sha256:2f85cf4f2a1ba8f602298a853cec8526c2ca42a9a4b947ec236eaedb8f2dc80c", size = 158712 },
    { url = "https://files.pythonhosted.org/packages/46/93/e19160db48b5581feac8468330aa11b7292880a94a37d7030478596cc14e/websockets-13.1-cp312-cp312-win_amd64.whl", hash = "sha256:38377f8b0cdeee97c552d20cf1865695fcd56aba155ad1b4ca8779a5b6ef4ac3", size = 159145 },
    { url = "https://files.pythonhosted.org/packages/51/20/2b99ca918e1cbd33c53db2cace5f0c0cd8296fc77558e1908799c712e1cd/websockets-13.1-cp313-cp313-macosx_10_13_universal2.whl", hash = "sha256:a9ab1e71d3d2e54a0aa646ab6d4eebfaa5f416fe78dfe4da2839525dc5d765c6", size = 157828 },
    { url = "https://files.pythonhosted.org/packages/b8/47/0932a71d3d9c0e9483174f60713c84cee58d62839a143f21a2bcdbd2d205/websockets-13.1-cp313-cp313-macosx_10_13_x86_64.whl", hash = "sha256:b9d7439d7fab4dce00570bb906875734df13d9faa4b48e261c440a5fec6d9708", size = 155487 },
    { url = "https://files.pythonhosted.org/packages/a9/60/f1711eb59ac7a6c5e98e5637fef5302f45b6f76a2c9d64fd83bbb341377a/websockets-13.1-cp313-cp313-macosx_11_0_arm64.whl", hash = "sha256:327b74e915cf13c5931334c61e1a41040e365d380f812513a255aa804b183418", size = 155721 },
    { url = "https://files.pythonhosted.org/packages/6a/e6/ba9a8db7f9d9b0e5f829cf626ff32677f39824968317223605a6b419d445/websockets-13.1-cp313-cp313-manylinux_2_17_aarch64.manylinux2014_aarch64.whl", hash = "sha256:325b1ccdbf5e5725fdcb1b0e9ad4d2545056479d0eee392c291c1bf76206435a", size = 165609 },
    { url = "https://files.pythonhosted.org/packages/c1/22/4ec80f1b9c27a0aebd84ccd857252eda8418ab9681eb571b37ca4c5e1305/websockets-13.1-cp313-cp313-manylinux_2_5_i686.manylinux1_i686.manylinux_2_17_i686.manylinux2014_i686.whl", hash = "sha256:346bee67a65f189e0e33f520f253d5147ab76ae42493804319b5716e46dddf0f", size = 164556 },
    { url = "https://files.pythonhosted.org/packages/27/ac/35f423cb6bb15600438db80755609d27eda36d4c0b3c9d745ea12766c45e/websockets-13.1-cp313-cp313-manylinux_2_5_x86_64.manylinux1_x86_64.manylinux_2_17_x86_64.manylinux2014_x86_64.whl", hash = "sha256:91a0fa841646320ec0d3accdff5b757b06e2e5c86ba32af2e0815c96c7a603c5", size = 164993 },
    { url = "https://files.pythonhosted.org/packages/31/4e/98db4fd267f8be9e52e86b6ee4e9aa7c42b83452ea0ea0672f176224b977/websockets-13.1-cp313-cp313-musllinux_1_2_aarch64.whl", hash = "sha256:18503d2c5f3943e93819238bf20df71982d193f73dcecd26c94514f417f6b135", size = 165360 },
    { url = "https://files.pythonhosted.org/packages/3f/15/3f0de7cda70ffc94b7e7024544072bc5b26e2c1eb36545291abb755d8cdb/websockets-13.1-cp313-cp313-musllinux_1_2_i686.whl", hash = "sha256:a9cd1af7e18e5221d2878378fbc287a14cd527fdd5939ed56a18df8a31136bb2", size = 164745 },
    { url = "https://files.pythonhosted.org/packages/a1/6e/66b6b756aebbd680b934c8bdbb6dcb9ce45aad72cde5f8a7208dbb00dd36/websockets-13.1-cp313-cp313-musllinux_1_2_x86_64.whl", hash = "sha256:70c5be9f416aa72aab7a2a76c90ae0a4fe2755c1816c153c1a2bcc3333ce4ce6", size = 164732 },
    { url = "https://files.pythonhosted.org/packages/35/c6/12e3aab52c11aeb289e3dbbc05929e7a9d90d7a9173958477d3ef4f8ce2d/websockets-13.1-cp313-cp313-win32.whl", hash = "sha256:624459daabeb310d3815b276c1adef475b3e6804abaf2d9d2c061c319f7f187d", size = 158709 },
    { url = "https://files.pythonhosted.org/packages/41/d8/63d6194aae711d7263df4498200c690a9c39fb437ede10f3e157a6343e0d/websockets-13.1-cp313-cp313-win_amd64.whl", hash = "sha256:c518e84bb59c2baae725accd355c8dc517b4a3ed8db88b4bc93c78dae2974bf2", size = 159144 },
    { url = "https://files.pythonhosted.org/packages/56/27/96a5cd2626d11c8280656c6c71d8ab50fe006490ef9971ccd154e0c42cd2/websockets-13.1-py3-none-any.whl", hash = "sha256:a9a396a6ad26130cdae92ae10c36af09d9bfe6cafe69670fd3b6da9b07b4044f", size = 152134 },
]
